
Microsoft Visual Studio Solution File, Format Version 12.00
# Visual Studio Version 17
VisualStudioVersion = 17.8.34322.80
MinimumVisualStudioVersion = 10.0.40219.1
Project("{FAE04EC0-301F-11D3-BF4B-00C04F79EFBC}") = "TI46ProjetosConsole", "TI46ProjetosConsole\TI46ProjetosConsole.csproj", "{FB97BDD5-C44F-4D1D-9853-FD1DDD158D0E}"
EndProject
Global
	GlobalSection(SolutionConfigurationPlatforms) = preSolution
		Debug|Any CPU = Debug|Any CPU
		Release|Any CPU = Release|Any CPU
	EndGlobalSection
	GlobalSection(ProjectConfigurationPlatforms) = postSolution
		{FB97BDD5-C44F-4D1D-9853-FD1DDD158D0E}.Debug|Any CPU.ActiveCfg = Debug|Any CPU
		{FB97BDD5-C44F-4D1D-9853-FD1DDD158D0E}.Debug|Any CPU.Build.0 = Debug|Any CPU
		{FB97BDD5-C44F-4D1D-9853-FD1DDD158D0E}.Release|Any CPU.ActiveCfg = Release|Any CPU
		{FB97BDD5-C44F-4D1D-9853-FD1DDD158D0E}.Release|Any CPU.Build.0 = Release|Any CPU
	EndGlobalSection
	GlobalSection(SolutionProperties) = preSolution
		HideSolutionNode = FALSE
	EndGlobalSection
	GlobalSection(ExtensibilityGlobals) = postSolution
		SolutionGuid = {4DEF78B0-3467-43C2-87B4-8610C9D19C7C}
	EndGlobalSection
EndGlobal
